
Microsoft Visual Studio Solution File, Format Version 12.00
# Visual Studio Version 17
VisualStudioVersion = 17.4.33213.308
MinimumVisualStudioVersion = 10.0.40219.1
Project("{FAE04EC0-301F-11D3-BF4B-00C04F79EFBC}") = "aula04", "aula04.csproj", "{BCCCA56B-20ED-4CA5-9764-C6375363FD9C}"
EndProject
Global
	GlobalSection(SolutionConfigurationPlatforms) = preSolution
		Debug|Any CPU = Debug|Any CPU
		Release|Any CPU = Release|Any CPU
	EndGlobalSection
	GlobalSection(ProjectConfigurationPlatforms) = postSolution
		{BCCCA56B-20ED-4CA5-9764-C6375363FD9C}.Debug|Any CPU.ActiveCfg = Debug|Any CPU
		{BCCCA56B-20ED-4CA5-9764-C6375363FD9C}.Debug|Any CPU.Build.0 = Debug|Any CPU
		{BCCCA56B-20ED-4CA5-9764-C6375363FD9C}.Release|Any CPU.ActiveCfg = Release|Any CPU
		{BCCCA56B-20ED-4CA5-9764-C6375363FD9C}.Release|Any CPU.Build.0 = Release|Any CPU
	EndGlobalSection
	GlobalSection(SolutionProperties) = preSolution
		HideSolutionNode = FALSE
	EndGlobalSection
	GlobalSection(ExtensibilityGlobals) = postSolution
		SolutionGuid = {FBB6C243-9AF6-401D-92C0-0577D36E0030}
	EndGlobalSection
EndGlobal
